
Microsoft Visual Studio Solution File, Format Version 12.00
# Visual Studio 15
VisualStudioVersion = 15.0.27703.2035
MinimumVisualStudioVersion = 10.0.40219.1
Project("{FAE04EC0-301F-11D3-BF4B-00C04F79EFBC}") = "RunningText", "RunningText\RunningText.csproj", "{0ABD9979-44A0-4061-937C-249A8AB94B66}"
EndProject
Global
	GlobalSection(SolutionConfigurationPlatforms) = preSolution
		Debug|Any CPU = Debug|Any CPU
		Release|Any CPU = Release|Any CPU
	EndGlobalSection
	GlobalSection(ProjectConfigurationPlatforms) = postSolution
		{0ABD9979-44A0-4061-937C-249A8AB94B66}.Debug|Any CPU.ActiveCfg = Debug|Any CPU
		{0ABD9979-44A0-4061-937C-249A8AB94B66}.Debug|Any CPU.Build.0 = Debug|Any CPU
		{0ABD9979-44A0-4061-937C-249A8AB94B66}.Release|Any CPU.ActiveCfg = Release|Any CPU
		{0ABD9979-44A0-4061-937C-249A8AB94B66}.Release|Any CPU.Build.0 = Release|Any CPU
	EndGlobalSection
	GlobalSection(SolutionProperties) = preSolution
		HideSolutionNode = FALSE
	EndGlobalSection
	GlobalSection(ExtensibilityGlobals) = postSolution
		SolutionGuid = {E4228C5A-11F0-4EC5-B0A0-C889524750BE}
	EndGlobalSection
EndGlobal
